lockfileVersion: 5.4

specifiers:
  '@element-plus/icons-vue': ^2.0.9
  '@tauri-apps/api': ^1.1.0
  '@tauri-apps/cli': ^1.1.0
  '@vitejs/plugin-vue': ^3.0.1
  axios: ^1.1.2
  dayjs: ^1.11.5
  element-plus: ^2.2.17
  less: ^4.1.3
  lodash: ^4.17.21
  prettier: 2.7.1
  vite: ^3.0.2
  vite-plugin-top-level-await: ^1.1.1
  vue: ^3.2.37

dependencies:
  '@element-plus/icons-vue': 2.0.9_vue@3.2.39
  '@tauri-apps/api': 1.1.0
  axios: 1.1.2
  dayjs: 1.11.5
  element-plus: 2.2.17_vue@3.2.39
  lodash: 4.17.21
  vue: 3.2.39

devDependencies:
  '@tauri-apps/cli': 1.1.1
  '@vitejs/plugin-vue': 3.1.0_vite@3.1.3+vue@3.2.39
  less: 4.1.3
  prettier: 2.7.1
  vite: 3.1.3_less@4.1.3
  vite-plugin-top-level-await: 1.1.1_vite@3.1.3

packages:

  /@babel/helper-string-parser/7.18.10:
    resolution: {integrity: sha512-XtIfWmeNY3i4t7t4D2t02q50HvqHybPqW2ki1kosnvWCwuCMeo81Jf0gwr85jy/neUdg5XDdeFE/80DXiO+njw==}
    engines: {node: '>=6.9.0'}

  /@babel/helper-validator-identifier/7.19.1:
    resolution: {integrity: sha512-awrNfaMtnHUr653GgGEs++LlAvW6w+DcPrOliSMXWCKo597CwL5Acf/wWdNkf/tfEQE3mjkeD1YOVZOUV/od1w==}
    engines: {node: '>=6.9.0'}

  /@babel/parser/7.19.1:
    resolution: {integrity: sha512-h7RCSorm1DdTVGJf3P2Mhj3kdnkmF/EiysUkzS2TdgAYqyjFdMQJbVuXOBej2SBJaXan/lIVtT6KkGbyyq753A==}
    engines: {node: '>=6.0.0'}
    hasBin: true
    dependencies:
      '@babel/types': 7.19.0

  /@babel/types/7.19.0:
    resolution: {integrity: sha512-YuGopBq3ke25BVSiS6fgF49Ul9gH1x70Bcr6bqRLjWCkcX8Hre1/5+z+IiWOIerRMSSEfGZVB9z9kyq7wVs9YA==}
    engines: {node: '>=6.9.0'}
    dependencies:
      '@babel/helper-string-parser': 7.18.10
      '@babel/helper-validator-identifier': 7.19.1
      to-fast-properties: 2.0.0

  /@ctrl/tinycolor/3.4.1:
    resolution: {integrity: sha512-ej5oVy6lykXsvieQtqZxCOaLT+xD4+QNarq78cIYISHmZXshCvROLudpQN3lfL8G0NL7plMSSK+zlyvCaIJ4Iw==}
    engines: {node: '>=10'}
    dev: false

  /@element-plus/icons-vue/2.0.9_vue@3.2.39:
    resolution: {integrity: sha512-okdrwiVeKBmW41Hkl0eMrXDjzJwhQMuKiBOu17rOszqM+LS/yBYpNQNV5Jvoh06Wc+89fMmb/uhzf8NZuDuUaQ==}
    peerDependencies:
      vue: ^3.2.0
    dependencies:
      vue: 3.2.39
    dev: false

  /@esbuild/android-arm/0.15.8:
    resolution: {integrity: sha512-CyEWALmn+no/lbgbAJsbuuhT8s2J19EJGHkeyAwjbFJMrj80KJ9zuYsoAvidPTU7BgBf87r/sgae8Tw0dbOc4Q==}
    engines: {node: '>=12'}
    cpu: [arm]
    os: [android]
    requiresBuild: true
    dependencies:
      esbuild-wasm: 0.15.8
    dev: true
    optional: true

  /@esbuild/linux-loong64/0.15.8:
    resolution: {integrity: sha512-pE5RQsOTSERCtfZdfCT25wzo7dfhOSlhAXcsZmuvRYhendOv7djcdvtINdnDp2DAjP17WXlBB4nBO6sHLczmsg==}
    engines: {node: '>=12'}
    cpu: [loong64]
    os: [linux]
    requiresBuild: true
    dev: true
    optional: true

  /@floating-ui/core/1.0.1:
    resolution: {integrity: sha512-bO37brCPfteXQfFY0DyNDGB3+IMe4j150KFQcgJ5aBP295p9nBGeHEs/p0czrRbtlHq4Px/yoPXO/+dOCcF4uA==}
    dev: false

  /@floating-ui/dom/1.0.2:
    resolution: {integrity: sha512-5X9WSvZ8/fjy3gDu8yx9HAA4KG1lazUN2P4/VnaXLxTO9Dz53HI1oYoh1OlhqFNlHgGDiwFX5WhFCc2ljbW3yA==}
    dependencies:
      '@floating-ui/core': 1.0.1
    dev: false

  /@swc/core-android-arm-eabi/1.3.7:
    resolution: {integrity: sha512-zvUpTBOUnXDkfp2JXv1T3NfyimxsAnqEfT65gWC/3ZpB/gmc59vqYVko4Pifyvuxo5aVvEdT2gfHlWM/aXwtpg==}
    engines: {node: '>=10'}
    cpu: [arm]
    os: [android]
    requiresBuild: true
    dependencies:
      '@swc/wasm': 1.2.122
    dev: true
    optional: true

  /@swc/core-android-arm64/1.3.7:
    resolution: {integrity: sha512-qnh1aYTrIjuFOkgxUYG8SGzpPD92o/w5hrHUy71LfUbHf5HRs7FpMgQXtTGnk33S/uMCvSv7V/ewv+t+N6tlVA==}
    engines: {node: '>=10'}
    cpu: [arm64]
    os: [android]
    requiresBuild: true
    dependencies:
      '@swc/wasm': 1.2.130
    dev: true
    optional: true

  /@swc/core-darwin-arm64/1.3.7:
    resolution: {integrity: sha512-q8NgUK/CleCmGYIuskL1sCad8opkfJD/8GWd+MkGSi+MGkExrLMmJftgG5FCj0l/xCHxGGNYj1TCrM/qV6CheA==}
    engines: {node: '>=10'}
    cpu: [arm64]
    os: [darwin]
    requiresBuild: true
    dev: true
    optional: true

  /@swc/core-darwin-x64/1.3.7:
    resolution: {integrity: sha512-dKrJkZYbF7Qi1wQgyVnR1a5Vk8UN7fJ/WlK6pZVJwMvWLoZgYE+U0Nn7RsVB4LmOxHtaJF7eesbGUm2y2NVEwA==}
    engines: {node: '>=10'}
    cpu: [x64]
    os: [darwin]
    requiresBuild: true
    dev: true
    optional: true

  /@swc/core-freebsd-x64/1.3.7:
    resolution: {integrity: sha512-ENHthc4iFPlBj0xaf2DbJLDzYSBA4QMQEA2HhZoSWWMsqhg8mGZxwgRd6+loROGZ2a5HKMZXIxCev8BbYnE0OA==}
    engines: {node: '>=10'}
    cpu: [x64]
    os: [freebsd]
    requiresBuild: true
    dependencies:
      '@swc/wasm': 1.2.130
    dev: true
    optional: true

  /@swc/core-linux-arm-gnueabihf/1.3.7:
    resolution: {integrity: sha512-anE65tcRLr/fYayXkpwZ7p7Ft5HCH4rvi3wSFdK8ycRWn9fVZhyWUJkJ3p1S0R19xr7hcb14hyxqPbd4m0I4yA==}
    engines: {node: '>=10'}
    cpu: [arm]
    os: [linux]
    requiresBuild: true
    dependencies:
      '@swc/wasm': 1.2.130
    dev: true
    optional: true

  /@swc/core-linux-arm64-gnu/1.3.7:
    resolution: {integrity: sha512-Qv6f76Tt8t51qb29R2isWvuQM26Xi7ZJavAv0hMdCxfkF+h1Yd14j82H7afGzdONH1LyLaPrhWSQirU/ZtBtdA==}
    engines: {node: '>=10'}
    cpu: [arm64]
    os: [linux]
    requiresBuild: true
    dev: true
    optional: true

  /@swc/core-linux-arm64-musl/1.3.7:
    resolution: {integrity: sha512-paYbmvm7+7QxjyMzRd4X4tyhHw5VgkGCMBYC3PbfpuI7SsCdmEFG9v1t5uMbTf60VU1wB4/n+AxY9KCZLfK7DQ==}
    engines: {node: '>=10'}
    cpu: [arm64]
    os: [linux]
    requiresBuild: true
    dev: true
    optional: true

  /@swc/core-linux-x64-gnu/1.3.7:
    resolution: {integrity: sha512-tkIHt64mmqEVM0CTGvUsB37Pv7AD/BinOEe6oPfMcS/2a00kYvXn9kEVKPqNTpiFpjYGoFQJaVV8UsD+iv8IvQ==}
    engines: {node: '>=10'}
    cpu: [x64]
    os: [linux]
    requiresBuild: true
    dev: true
    optional: true

  /@swc/core-linux-x64-musl/1.3.7:
    resolution: {integrity: sha512-V0xeTS8kvnTlghO1YyO1QgfPqsY896MknYCzBeK9CGKkGbc3JaxSoyb11nbGEDEaUwzDd9gj9L4D2uP+IWpoyw==}
    engines: {node: '>=10'}
    cpu: [x64]
    os: [linux]
    requiresBuild: true
    dev: true
    optional: true

  /@swc/core-win32-arm64-msvc/1.3.7:
    resolution: {integrity: sha512-LeauQIok8tw4Mjmj7wlc7C62HCUx3xa5k6tNQnKWbDs7odZVWisgDxn7RSl9/xxlC8wPLTVUyBh3O1rHigVfWg==}
    engines: {node: '>=10'}
    cpu: [arm64]
    os: [win32]
    requiresBuild: true
    dependencies:
      '@swc/wasm': 1.2.130
    dev: true
    optional: true

  /@swc/core-win32-ia32-msvc/1.3.7:
    resolution: {integrity: sha512-E1C8bpUrml0vIv4FTSP7f4CwkZVGsCY9fBsBHCC4j9N1mtQk8/nzpGOUsPo4QP+FTYJiNKedZ4Cy7baihnV4Lw==}
    engines: {node: '>=10'}
    cpu: [ia32]
    os: [win32]
    requiresBuild: true
    dependencies:
      '@swc/wasm': 1.2.130
    dev: true
    optional: true

  /@swc/core-win32-x64-msvc/1.3.7:
    resolution: {integrity: sha512-Ti9H/1hqBrxhYtNLVaLsahO/iiJn1Zd4qSc0LZpl6wBJxP4LltLV4MLeib6i8lg11pj4ijIhzZfC6bT614ee3w==}
    engines: {node: '>=10'}
    cpu: [x64]
    os: [win32]
    requiresBuild: true
    dev: true
    optional: true

  /@swc/core/1.3.7:
    resolution: {integrity: sha512-g4ptYRZRE+g/6wLB3WBuWhAWJsZDUeiSOvKVM1Wdn29Vi/EgLuVaY5ssz0HLQJxuDSJGwtAOZA8exh4+AKNHLw==}
    engines: {node: '>=10'}
    hasBin: true
    requiresBuild: true
    optionalDependencies:
      '@swc/core-android-arm-eabi': 1.3.7
      '@swc/core-android-arm64': 1.3.7
      '@swc/core-darwin-arm64': 1.3.7
      '@swc/core-darwin-x64': 1.3.7
      '@swc/core-freebsd-x64': 1.3.7
      '@swc/core-linux-arm-gnueabihf': 1.3.7
      '@swc/core-linux-arm64-gnu': 1.3.7
      '@swc/core-linux-arm64-musl': 1.3.7
      '@swc/core-linux-x64-gnu': 1.3.7
      '@swc/core-linux-x64-musl': 1.3.7
      '@swc/core-win32-arm64-msvc': 1.3.7
      '@swc/core-win32-ia32-msvc': 1.3.7
      '@swc/core-win32-x64-msvc': 1.3.7
    dev: true

  /@swc/wasm/1.2.122:
    resolution: {integrity: sha512-sM1VCWQxmNhFtdxME+8UXNyPNhxNu7zdb6ikWpz0YKAQQFRGT5ThZgJrubEpah335SUToNg8pkdDF7ibVCjxbQ==}
    requiresBuild: true
    dev: true
    optional: true

  /@swc/wasm/1.2.130:
    resolution: {integrity: sha512-rNcJsBxS70+pv8YUWwf5fRlWX6JoY/HJc25HD/F8m6Kv7XhJdqPPMhyX6TKkUBPAG7TWlZYoxa+rHAjPy4Cj3Q==}
    requiresBuild: true
    dev: true
    optional: true

  /@sxzz/popperjs-es/2.11.7:
    resolution: {integrity: sha512-Ccy0NlLkzr0Ex2FKvh2X+OyERHXJ88XJ1MXtsI9y9fGexlaXaVTPzBCRBwIxFkORuOb+uBqeu+RqnpgYTEZRUQ==}
    dev: false

  /@tauri-apps/api/1.1.0:
    resolution: {integrity: sha512-n13pIqdPd3KtaMmmAcrU7BTfdMtIlGNnfZD0dNX8L4p8dgmuNyikm6JAA+yCpl9gqq6I8x5cV2Y0muqdgD0cWw==}
    engines: {node: '>= 12.22.0', npm: '>= 6.6.0', yarn: '>= 1.19.1'}
    dev: false

  /@tauri-apps/cli-darwin-arm64/1.1.1:
    resolution: {integrity: sha512-qBG11ig525/qf0f5OQxn0ON3hT8YdpTfpa4Y4kVqBJhdW50R5fadPv6tv5Dpl2TS2X7nWh/zg5mEXYoCK3HZ9w==}
    engines: {node: '>= 10'}
    cpu: [arm64]
    os: [darwin]
    requiresBuild: true
    dev: true
    optional: true

  /@tauri-apps/cli-darwin-x64/1.1.1:
    resolution: {integrity: sha512-M3dMsp78OdxisbTwAWGvy3jIb3uqThtQcUYVvqOu9LeEOHyldOBFDSht+6PTBpaJLAHFMQK2rmNxiWgigklJaA==}
    engines: {node: '>= 10'}
    cpu: [x64]
    os: [darwin]
    requiresBuild: true
    dev: true
    optional: true

  /@tauri-apps/cli-linux-arm-gnueabihf/1.1.1:
    resolution: {integrity: sha512-LYlvdAd73cq+yTi6rw7j/DWIvDpeApwgQkIn+HYsNNeFhyFmABU7tmw+pekK3W3nHAkYAJ69Rl4ZdoxdNGKmHg==}
    engines: {node: '>= 10'}
    cpu: [arm]
    os: [linux]
    requiresBuild: true
    dev: true
    optional: true

  /@tauri-apps/cli-linux-arm64-gnu/1.1.1:
    resolution: {integrity: sha512-o/hbMQIKuFI7cTNpeQBHD/OCNJOBIci78faKms/t6AstLXx0QJuRHDk477Rg6VVy/I3BBKbyATALbmcTq+ti0A==}
    engines: {node: '>= 10'}
    cpu: [arm64]
    os: [linux]
    requiresBuild: true
    dev: true
    optional: true

  /@tauri-apps/cli-linux-arm64-musl/1.1.1:
    resolution: {integrity: sha512-8Ci4qlDnXIp93XqUrtzFCBDatUzPHpZq7L3bociUbWpvy/bnlzxp1C/C+vwdc4uS1MiAp9v3BFgrU4i0f0Z3QQ==}
    engines: {node: '>= 10'}
    cpu: [arm64]
    os: [linux]
    requiresBuild: true
    dev: true
    optional: true

  /@tauri-apps/cli-linux-x64-gnu/1.1.1:
    resolution: {integrity: sha512-ES4Bkx2JAI8+dDNDJswhLS3yqt+yT/4C6UfGOPIHFxcXUh6fe36eUllrTt+HLRS9xTZbYnteJy7ebq2TqMkaxw==}
    engines: {node: '>= 10'}
    cpu: [x64]
    os: [linux]
    requiresBuild: true
    dev: true
    optional: true

  /@tauri-apps/cli-linux-x64-musl/1.1.1:
    resolution: {integrity: sha512-qrN1WOMAaDl+LE8P8iO0+DYlrWNTc9jIu/CsnVY/LImTn79ZPxEkcVBo0UGeKRI7f10TfvkVmLCBLxTz8QhEyA==}
    engines: {node: '>= 10'}
    cpu: [x64]
    os: [linux]
    requiresBuild: true
    dev: true
    optional: true

  /@tauri-apps/cli-win32-ia32-msvc/1.1.1:
    resolution: {integrity: sha512-vw7VOmrQlywHhFV3pf54udf2FRNj9dg9WP1gL0My55FnB+w+PWS9Ipm871kX5qepmChdnZHKq9fsqE2uTjX//Q==}
    engines: {node: '>= 10'}
    cpu: [ia32]
    os: [win32]
    requiresBuild: true
    dev: true
    optional: true

  /@tauri-apps/cli-win32-x64-msvc/1.1.1:
    resolution: {integrity: sha512-OukxlLLi3AoCN4ABnqCDTiiC7xJGWukAjrKCIx7wFISrLjNfsrnH7/UOzuopfGpZChSe2c+AamVmcpBfVsEmJA==}
    engines: {node: '>= 10'}
    cpu: [x64]
    os: [win32]
    requiresBuild: true
    dev: true
    optional: true

  /@tauri-apps/cli/1.1.1:
    resolution: {integrity: sha512-80kjMEMPBwLYCp0tTKSquy90PHHGGBvZsneNr3B/mWxNsvjzA1C0vOyGJGFrJuT2OmkvrdvuJZ5mch5hL8O1Xg==}
    engines: {node: '>= 10'}
    hasBin: true
    optionalDependencies:
      '@tauri-apps/cli-darwin-arm64': 1.1.1
      '@tauri-apps/cli-darwin-x64': 1.1.1
      '@tauri-apps/cli-linux-arm-gnueabihf': 1.1.1
      '@tauri-apps/cli-linux-arm64-gnu': 1.1.1
      '@tauri-apps/cli-linux-arm64-musl': 1.1.1
      '@tauri-apps/cli-linux-x64-gnu': 1.1.1
      '@tauri-apps/cli-linux-x64-musl': 1.1.1
      '@tauri-apps/cli-win32-ia32-msvc': 1.1.1
      '@tauri-apps/cli-win32-x64-msvc': 1.1.1
    dev: true

  /@types/lodash-es/4.17.6:
    resolution: {integrity: sha512-R+zTeVUKDdfoRxpAryaQNRKk3105Rrgx2CFRClIgRGaqDTdjsm8h6IYA8ir584W3ePzkZfst5xIgDwYrlh9HLg==}
    dependencies:
      '@types/lodash': 4.14.185
    dev: false

  /@types/lodash/4.14.185:
    resolution: {integrity: sha512-evMDG1bC4rgQg4ku9tKpuMh5iBNEwNa3tf9zRHdP1qlv+1WUg44xat4IxCE14gIpZRGUUWAx2VhItCZc25NfMA==}
    dev: false

  /@types/web-bluetooth/0.0.15:
    resolution: {integrity: sha512-w7hEHXnPMEZ+4nGKl/KDRVpxkwYxYExuHOYXyzIzCDzEZ9ZCGMAewulr9IqJu2LR4N37fcnb1XVeuZ09qgOxhA==}
    dev: false

  /@vitejs/plugin-vue/3.1.0_vite@3.1.3+vue@3.2.39:
    resolution: {integrity: sha512-fmxtHPjSOEIRg6vHYDaem+97iwCUg/uSIaTzp98lhELt2ISOQuDo2hbkBdXod0g15IhfPMQmAxh4heUks2zvDA==}
    engines: {node: ^14.18.0 || >=16.0.0}
    peerDependencies:
      vite: ^3.0.0
      vue: ^3.2.25
    dependencies:
      vite: 3.1.3_less@4.1.3
      vue: 3.2.39
    dev: true

  /@vue/compiler-core/3.2.39:
    resolution: {integrity: sha512-mf/36OWXqWn0wsC40nwRRGheR/qoID+lZXbIuLnr4/AngM0ov8Xvv8GHunC0rKRIkh60bTqydlqTeBo49rlbqw==}
    dependencies:
      '@babel/parser': 7.19.1
      '@vue/shared': 3.2.39
      estree-walker: 2.0.2
      source-map: 0.6.1

  /@vue/compiler-dom/3.2.39:
    resolution: {integrity: sha512-HMFI25Be1C8vLEEv1hgEO1dWwG9QQ8LTTPmCkblVJY/O3OvWx6r1+zsox5mKPMGvqYEZa6l8j+xgOfUspgo7hw==}
    dependencies:
      '@vue/compiler-core': 3.2.39
      '@vue/shared': 3.2.39

  /@vue/compiler-sfc/3.2.39:
    resolution: {integrity: sha512-fqAQgFs1/BxTUZkd0Vakn3teKUt//J3c420BgnYgEOoVdTwYpBTSXCMJ88GOBCylmUBbtquGPli9tVs7LzsWIA==}
    dependencies:
      '@babel/parser': 7.19.1
      '@vue/compiler-core': 3.2.39
      '@vue/compiler-dom': 3.2.39
      '@vue/compiler-ssr': 3.2.39
      '@vue/reactivity-transform': 3.2.39
      '@vue/shared': 3.2.39
      estree-walker: 2.0.2
      magic-string: 0.25.9
      postcss: 8.4.16
      source-map: 0.6.1

  /@vue/compiler-ssr/3.2.39:
    resolution: {integrity: sha512-EoGCJ6lincKOZGW+0Ky4WOKsSmqL7hp1ZYgen8M7u/mlvvEQUaO9tKKOy7K43M9U2aA3tPv0TuYYQFrEbK2eFQ==}
    dependencies:
      '@vue/compiler-dom': 3.2.39
      '@vue/shared': 3.2.39

  /@vue/reactivity-transform/3.2.39:
    resolution: {integrity: sha512-HGuWu864zStiWs9wBC6JYOP1E00UjMdDWIG5W+FpUx28hV3uz9ODOKVNm/vdOy/Pvzg8+OcANxAVC85WFBbl3A==}
    dependencies:
      '@babel/parser': 7.19.1
      '@vue/compiler-core': 3.2.39
      '@vue/shared': 3.2.39
      estree-walker: 2.0.2
      magic-string: 0.25.9

  /@vue/reactivity/3.2.39:
    resolution: {integrity: sha512-vlaYX2a3qMhIZfrw3Mtfd+BuU+TZmvDrPMa+6lpfzS9k/LnGxkSuf0fhkP0rMGfiOHPtyKoU9OJJJFGm92beVQ==}
    dependencies:
      '@vue/shared': 3.2.39

  /@vue/runtime-core/3.2.39:
    resolution: {integrity: sha512-xKH5XP57JW5JW+8ZG1khBbuLakINTgPuINKL01hStWLTTGFOrM49UfCFXBcFvWmSbci3gmJyLl2EAzCaZWsx8g==}
    dependencies:
      '@vue/reactivity': 3.2.39
      '@vue/shared': 3.2.39

  /@vue/runtime-dom/3.2.39:
    resolution: {integrity: sha512-4G9AEJP+sLhsqf5wXcyKVWQKUhI+iWfy0hWQgea+CpaTD7BR0KdQzvoQdZhwCY6B3oleSyNLkLAQwm0ya/wNoA==}
    dependencies:
      '@vue/runtime-core': 3.2.39
      '@vue/shared': 3.2.39
      csstype: 2.6.21

  /@vue/server-renderer/3.2.39_vue@3.2.39:
    resolution: {integrity: sha512-1yn9u2YBQWIgytFMjz4f/t0j43awKytTGVptfd3FtBk76t1pd8mxbek0G/DrnjJhd2V7mSTb5qgnxMYt8Z5iSQ==}
    peerDependencies:
      vue: 3.2.39
    dependencies:
      '@vue/compiler-ssr': 3.2.39
      '@vue/shared': 3.2.39
      vue: 3.2.39

  /@vue/shared/3.2.39:
    resolution: {integrity: sha512-D3dl2ZB9qE6mTuWPk9RlhDeP1dgNRUKC3NJxji74A4yL8M2MwlhLKUC/49WHjrNzSPug58fWx/yFbaTzGAQSBw==}

  /@vueuse/core/9.2.0_vue@3.2.39:
    resolution: {integrity: sha512-/MZ6qpz6uSyaXrtoeBWQzAKRG3N7CvfVWvQxiM3ei3Xe5ydOjjtVbo7lGl9p8dECV93j7W8s63A8H0kFLpLyxg==}
    dependencies:
      '@types/web-bluetooth': 0.0.15
      '@vueuse/metadata': 9.2.0
      '@vueuse/shared': 9.2.0_vue@3.2.39
      vue-demi: 0.13.11_vue@3.2.39
    transitivePeerDependencies:
      - '@vue/composition-api'
      - vue
    dev: false

  /@vueuse/metadata/9.2.0:
    resolution: {integrity: sha512-exN4KE6iquxDCdt72BgEhb3tlOpECtD61AUdXnUqBTIUCl70x1Ar/QXo3bYcvxmdMS2/peQyfeTzBjRTpvL5xw==}
    dev: false

  /@vueuse/shared/9.2.0_vue@3.2.39:
    resolution: {integrity: sha512-NnRp/noSWuXW0dKhZK5D0YLrDi0nmZ18UeEgwXQq7Ul5TTP93lcNnKjrHtd68j2xFB/l59yPGFlCryL692bnrA==}
    dependencies:
      vue-demi: 0.13.11_vue@3.2.39
    transitivePeerDependencies:
      - '@vue/composition-api'
      - vue
    dev: false

  /async-validator/4.2.5:
    resolution: {integrity: sha512-7HhHjtERjqlNbZtqNqy2rckN/SpOOlmDliet+lP7k+eKZEjPk3DgyeU9lIXLdeLz0uBbbVp+9Qdow9wJWgwwfg==}
    dev: false

  /asynckit/0.4.0:
    resolution: {integrity: sha512-Oei9OH4tRh0YqU3GxhX79dM/mwVgvbZJaSNaRk+bshkj0S5cfHcgYakreBjrHwatXKbz+IoIdYLxrKim2MjW0Q==}
    dev: false

  /axios/1.1.2:
    resolution: {integrity: sha512-bznQyETwElsXl2RK7HLLwb5GPpOLlycxHCtrpDR/4RqqBzjARaOTo3jz4IgtntWUYee7Ne4S8UHd92VCuzPaWA==}
    dependencies:
      follow-redirects: 1.15.2
      form-data: 4.0.0
      proxy-from-env: 1.1.0
    transitivePeerDependencies:
      - debug
    dev: false

  /combined-stream/1.0.8:
    resolution: {integrity: sha512-FQN4MRfuJeHf7cBbBMJFXhKSDq+2kAArBlmRBvcvFE5BB1HZKXtSFASDhdlz9zOYwxh8lDdnvmMOe/+5cdoEdg==}
    engines: {node: '>= 0.8'}
    dependencies:
      delayed-stream: 1.0.0
    dev: false

  /copy-anything/2.0.6:
    resolution: {integrity: sha512-1j20GZTsvKNkc4BY3NpMOM8tt///wY3FpIzozTOFO2ffuZcV61nojHXVKIy3WM+7ADCy5FVhdZYHYDdgTU0yJw==}
    dependencies:
      is-what: 3.14.1
    dev: true

  /csstype/2.6.21:
    resolution: {integrity: sha512-Z1PhmomIfypOpoMjRQB70jfvy/wxT50qW08YXO5lMIJkrdq4yOTR+AW7FqutScmB9NkLwxo+jU+kZLbofZZq/w==}

  /dayjs/1.11.5:
    resolution: {integrity: sha512-CAdX5Q3YW3Gclyo5Vpqkgpj8fSdLQcRuzfX6mC6Phy0nfJ0eGYOeS7m4mt2plDWLAtA4TqTakvbboHvUxfe4iA==}
    dev: false

  /debug/3.2.7:
    resolution: {integrity: sha512-CFjzYYAi4ThfiQvizrFQevTTXHtnCqWfe7x1AhgEscTz6ZbLbfoLRLPugTQyBth6f8ZERVUSyWHFD/7Wu4t1XQ==}
    peerDependencies:
      supports-color: '*'
    peerDependenciesMeta:
      supports-color:
        optional: true
    dependencies:
      ms: 2.1.3
    dev: true
    optional: true

  /delayed-stream/1.0.0:
    resolution: {integrity: sha512-ZySD7Nf91aLB0RxL4KGrKHBXl7Eds1DAmEdcoVawXnLD7SDhpNgtuII2aAkg7a7QS41jxPSZ17p4VdGnMHk3MQ==}
    engines: {node: '>=0.4.0'}
    dev: false

  /element-plus/2.2.17_vue@3.2.39:
    resolution: {integrity: sha512-MGwMIE/q+FFD3kgS23x8HIe5043tmD1cTRwjhIX9o6fim1avFnUkrsfYRvybbz4CkyqSb185EheZS5AUPpXh2g==}
    peerDependencies:
      vue: ^3.2.0
    dependencies:
      '@ctrl/tinycolor': 3.4.1
      '@element-plus/icons-vue': 2.0.9_vue@3.2.39
      '@floating-ui/dom': 1.0.2
      '@popperjs/core': /@sxzz/popperjs-es/2.11.7
      '@types/lodash': 4.14.185
      '@types/lodash-es': 4.17.6
      '@vueuse/core': 9.2.0_vue@3.2.39
      async-validator: 4.2.5
      dayjs: 1.11.5
      escape-html: 1.0.3
      lodash: 4.17.21
      lodash-es: 4.17.21
      lodash-unified: 1.0.2_3ib2ivapxullxkx3xftsimdk7u
      memoize-one: 6.0.0
      normalize-wheel-es: 1.2.0
      vue: 3.2.39
    transitivePeerDependencies:
      - '@vue/composition-api'
    dev: false

  /errno/0.1.8:
    resolution: {integrity: sha512-dJ6oBr5SQ1VSd9qkk7ByRgb/1SH4JZjCHSW/mr63/QcXO9zLVxvJ6Oy13nio03rxpSnVDDjFor75SjVeZWPW/A==}
    hasBin: true
    requiresBuild: true
    dependencies:
      prr: 1.0.1
    dev: true
    optional: true

  /esbuild-android-64/0.15.8:
    resolution: {integrity: sha512-bVh8FIKOolF7/d4AMzt7xHlL0Ljr+mYKSHI39TJWDkybVWHdn6+4ODL3xZGHOxPpdRpitemXA1WwMKYBsw8dGw==}
    engines: {node: '>=12'}
    cpu: [x64]
    os: [android]
    requiresBuild: true
    dependencies:
      esbuild-wasm: 0.15.8
    dev: true
    optional: true

  /esbuild-android-arm64/0.15.8:
    resolution: {integrity: sha512-ReAMDAHuo0H1h9LxRabI6gwYPn8k6WiUeyxuMvx17yTrJO+SCnIfNc/TSPFvDwtK9MiyiKG/2dBYHouT/M0BXQ==}
    engines: {node: '>=12'}
    cpu: [arm64]
    os: [android]
    requiresBuild: true
    dev: true
    optional: true

  /esbuild-darwin-64/0.15.8:
    resolution: {integrity: sha512-KaKcGfJ+yto7Fo5gAj3xwxHMd1fBIKatpCHK8znTJLVv+9+NN2/tIPBqA4w5rBwjX0UqXDeIE2v1xJP+nGEXgA==}
    engines: {node: '>=12'}
    cpu: [x64]
    os: [darwin]
    requiresBuild: true
    dev: true
    optional: true

  /esbuild-darwin-arm64/0.15.8:
    resolution: {integrity: sha512-8tjEaBgAKnXCkP7bhEJmEqdG9HEV6oLkF36BrMzpfW2rgaw0c48Zrxe+9RlfeGvs6gDF4w+agXyTjikzsS3izw==}
    engines: {node: '>=12'}
    cpu: [arm64]
    os: [darwin]
    requiresBuild: true
    dev: true
    optional: true

  /esbuild-freebsd-64/0.15.8:
    resolution: {integrity: sha512-jaxcsGHYzn2L0/lffON2WfH4Nc+d/EwozVTP5K2v016zxMb5UQMhLoJzvLgBqHT1SG0B/mO+a+THnJCMVg15zw==}
    engines: {node: '>=12'}
    cpu: [x64]
    os: [freebsd]
    requiresBuild: true
    dev: true
    optional: true

  /esbuild-freebsd-arm64/0.15.8:
    resolution: {integrity: sha512-2xp2UlljMvX8HExtcg7VHaeQk8OBU0CSl1j18B5CcZmSDkLF9p3utuMXIopG3a08fr9Hv+Dz6+seSXUow/G51w==}
    engines: {node: '>=12'}
    cpu: [arm64]
    os: [freebsd]
    requiresBuild: true
    dev: true
    optional: true

  /esbuild-linux-32/0.15.8:
    resolution: {integrity: sha512-9u1E54BRz1FQMl86iaHK146+4ID2KYNxL3trLZT4QLLx3M7Q9n4lGG3lrzqUatGR2cKy8c33b0iaCzsItZWkFg==}
    engines: {node: '>=12'}
    cpu: [ia32]
    os: [linux]
    requiresBuild: true
    dev: true
    optional: true

  /esbuild-linux-64/0.15.8:
    resolution: {integrity: sha512-4HxrsN9eUzJXdVGMTYA5Xler82FuZUu21bXKN42zcLHHNKCAMPUzD62I+GwDhsdgUBAUj0tRXDdsQHgaP6v0HA==}
    engines: {node: '>=12'}
    cpu: [x64]
    os: [linux]
    requiresBuild: true
    dev: true
    optional: true

  /esbuild-linux-arm/0.15.8:
    resolution: {integrity: sha512-7DVBU9SFjX4+vBwt8tHsUCbE6Vvl6y6FQWHAgyw1lybC5gULqn/WnjHYHN2/LJaZRsDBvxWT4msEgwLGq1Wd3Q==}
    engines: {node: '>=12'}
    cpu: [arm]
    os: [linux]
    requiresBuild: true
    dev: true
    optional: true

  /esbuild-linux-arm64/0.15.8:
    resolution: {integrity: sha512-1OCm7Aq0tEJT70PbxmHSGYDLYP8DKH8r4Nk7/XbVzWaduo9beCjGBB+tGZIHK6DdTQ3h00/4Tb/70YMH/bOtKg==}
    engines: {node: '>=12'}
    cpu: [arm64]
    os: [linux]
    requiresBuild: true
    dev: true
    optional: true

  /esbuild-linux-mips64le/0.15.8:
    resolution: {integrity: sha512-yeFoNPVFPEzZvFYBfUQNG2TjGRaCyV1E27OcOg4LOtnGrxb2wA+mkW3luckyv1CEyd00mpAg7UdHx8nlx3ghgA==}
    engines: {node: '>=12'}
    cpu: [mips64el]
    os: [linux]
    requiresBuild: true
    dev: true
    optional: true

  /esbuild-linux-ppc64le/0.15.8:
    resolution: {integrity: sha512-CEyMMUUNabXibw8OSNmBXhOIGhnjNVl5Lpseiuf00iKN0V47oqDrbo4dsHz1wH62m49AR8iG8wpDlTqfYgKbtg==}
    engines: {node: '>=12'}
    cpu: [ppc64]
    os: [linux]
    requiresBuild: true
    dev: true
    optional: true

  /esbuild-linux-riscv64/0.15.8:
    resolution: {integrity: sha512-OCGSOaspMUjexSCU8ZiA0UnV/NiRU+s2vIfEcAQWQ6u32R+2luyfh/4ZaY6jFbylJE07Esc/yRvb9Q5fXuClXA==}
    engines: {node: '>=12'}
    cpu: [riscv64]
    os: [linux]
    requiresBuild: true
    dev: true
    optional: true

  /esbuild-linux-s390x/0.15.8:
    resolution: {integrity: sha512-RHdpdfxRTSrZXZJlFSLazFU4YwXLB5Rgf6Zr5rffqSsO4y9JybgtKO38bFwxZNlDXliYISXN/YROKrG9s7mZQA==}
    engines: {node: '>=12'}
    cpu: [s390x]
    os: [linux]
    requiresBuild: true
    dev: true
    optional: true

  /esbuild-netbsd-64/0.15.8:
    resolution: {integrity: sha512-VolFFRatBH09T5QMWhiohAWCOien1R1Uz9K0BRVVTBgBaVBt7eArsXTKxVhUgRf2vwu2c2SXkuP0r7HLG0eozw==}
    engines: {node: '>=12'}
    cpu: [x64]
    os: [netbsd]
    requiresBuild: true
    dev: true
    optional: true

  /esbuild-openbsd-64/0.15.8:
    resolution: {integrity: sha512-HTAPlg+n4kUeE/isQxlCfsOz0xJGNoT5LJ9oYZWFKABfVf4Ycu7Zlf5ITgOnrdheTkz8JeL/gISIOCFAoOXrSA==}
    engines: {node: '>=12'}
    cpu: [x64]
    os: [openbsd]
    requiresBuild: true
    dev: true
    optional: true

  /esbuild-sunos-64/0.15.8:
    resolution: {integrity: sha512-qMP/jR/FzcIOwKj+W+Lb+8Cfr8GZHbHUJxAPi7DUhNZMQ/6y7sOgRzlOSpRrbbUntrRZh0MqOyDhJ3Gpo6L1QA==}
    engines: {node: '>=12'}
    cpu: [x64]
    os: [sunos]
    requiresBuild: true
    dev: true
    optional: true

  /esbuild-wasm/0.15.8:
    resolution: {integrity: sha512-Y7uCl5RNO4URjlemjdx++ukVHEMt5s5AfMWYUnMiK4Sry+pPCvQIctzXq6r6FKCyGKjX6/NGMCqR2OX6aLxj0w==}
    engines: {node: '>=12'}
    hasBin: true
    requiresBuild: true
    dev: true
    optional: true

  /esbuild-windows-32/0.15.8:
    resolution: {integrity: sha512-RKR1QHh4iWzjUhkP8Yqi75PPz/KS+b8zw3wUrzw6oAkj+iU5Qtyj61ZDaSG3Qf2vc6hTIUiPqVTqBH0NpXFNwg==}
    engines: {node: '>=12'}
    cpu: [ia32]
    os: [win32]
    requiresBuild: true
    dev: true
    optional: true

  /esbuild-windows-64/0.15.8:
    resolution: {integrity: sha512-ag9ptYrsizgsR+PQE8QKeMqnosLvAMonQREpLw4evA4FFgOBMLEat/dY/9txbpozTw9eEOYyD3a4cE9yTu20FA==}
    engines: {node: '>=12'}
    cpu: [x64]
    os: [win32]
    requiresBuild: true
    dev: true
    optional: true

  /esbuild-windows-arm64/0.15.8:
    resolution: {integrity: sha512-dbpAb0VyPaUs9mgw65KRfQ9rqiWCHpNzrJusoPu+LpEoswosjt/tFxN7cd2l68AT4qWdBkzAjDLRon7uqMeWcg==}
    engines: {node: '>=12'}
    cpu: [arm64]
    os: [win32]
    requiresBuild: true
    dev: true
    optional: true

  /esbuild/0.15.8:
    resolution: {integrity: sha512-Remsk2dmr1Ia65sU+QasE6svJbsHe62lzR+CnjpUvbZ+uSYo1SitiOWPRfZQkCu82YWZBBKXiD/j0i//XWMZ+Q==}
    engines: {node: '>=12'}
    hasBin: true
    requiresBuild: true
    optionalDependencies:
      '@esbuild/android-arm': 0.15.8
      '@esbuild/linux-loong64': 0.15.8
      esbuild-android-64: 0.15.8
      esbuild-android-arm64: 0.15.8
      esbuild-darwin-64: 0.15.8
      esbuild-darwin-arm64: 0.15.8
      esbuild-freebsd-64: 0.15.8
      esbuild-freebsd-arm64: 0.15.8
      esbuild-linux-32: 0.15.8
      esbuild-linux-64: 0.15.8
      esbuild-linux-arm: 0.15.8
      esbuild-linux-arm64: 0.15.8
      esbuild-linux-mips64le: 0.15.8
      esbuild-linux-ppc64le: 0.15.8
      esbuild-linux-riscv64: 0.15.8
      esbuild-linux-s390x: 0.15.8
      esbuild-netbsd-64: 0.15.8
      esbuild-openbsd-64: 0.15.8
      esbuild-sunos-64: 0.15.8
      esbuild-windows-32: 0.15.8
      esbuild-windows-64: 0.15.8
      esbuild-windows-arm64: 0.15.8
    dev: true

  /escape-html/1.0.3:
    resolution: {integrity: sha512-NiSupZ4OeuGwr68lGIeym/ksIZMJodUGOSCZ/FSnTxcrekbvqrgdUxlJOMpijaKZVjAJrWrGs/6Jy8OMuyj9ow==}
    dev: false

  /estree-walker/2.0.2:
    resolution: {integrity: sha512-Rfkk/Mp/DL7JVje3u18FxFujQlTNR2q6QfMSMB7AvCBx91NGj/ba3kCfza0f6dVDbw7YlRf/nDrn7pQrCCyQ/w==}

  /follow-redirects/1.15.2:
    resolution: {integrity: sha512-VQLG33o04KaQ8uYi2tVNbdrWp1QWxNNea+nmIB4EVM28v0hmP17z7aG1+wAkNzVq4KeXTq3221ye5qTJP91JwA==}
    engines: {node: '>=4.0'}
    peerDependencies:
      debug: '*'
    peerDependenciesMeta:
      debug:
        optional: true
    dev: false

  /form-data/4.0.0:
    resolution: {integrity: sha512-ETEklSGi5t0QMZuiXoA/Q6vcnxcLQP5vdugSpuAyi6SVGi2clPPp+xgEhuMaHC+zGgn31Kd235W35f7Hykkaww==}
    engines: {node: '>= 6'}
    dependencies:
      asynckit: 0.4.0
      combined-stream: 1.0.8
      mime-types: 2.1.35
    dev: false

  /fsevents/2.3.2:
    resolution: {integrity: sha512-xiqMQR4xAeHTuB9uWm+fFRcIOgKBMiOBP+eXiyT7jsgVCq1bkVygt00oASowB7EdtpOHaaPgKt812P9ab+DDKA==}
    engines: {node: ^8.16.0 || ^10.6.0 || >=11.0.0}
    os: [darwin]
    requiresBuild: true
    dev: true
    optional: true

  /function-bind/1.1.1:
    resolution: {integrity: sha512-yIovAzMX49sF8Yl58fSCWJ5svSLuaibPxXQJFLmBObTuCr0Mf1KiPopGM9NiFjiYBCbfaa2Fh6breQ6ANVTI0A==}
    dev: true

  /graceful-fs/4.2.10:
    resolution: {integrity: sha512-9ByhssR2fPVsNZj478qUUbKfmL0+t5BDVyjShtyZZLiK7ZDAArFFfopyOTj0M05wE2tJPisA4iTnnXl2YoPvOA==}
    requiresBuild: true
    dev: true
    optional: true

  /has/1.0.3:
    resolution: {integrity: sha512-f2dvO0VU6Oej7RkWJGrehjbzMAjFp5/VKPp5tTpWIV4JHHZK1/BxbFRtf/siA2SWTe09caDmVtYYzWEIbBS4zw==}
    engines: {node: '>= 0.4.0'}
    dependencies:
      function-bind: 1.1.1
    dev: true

  /iconv-lite/0.6.3:
    resolution: {integrity: sha512-4fCk79wshMdzMp2rH06qWrJE4iolqLhCUH+OiuIgU++RB0+94NlDL81atO7GX55uUKueo0txHNtvEyI6D7WdMw==}
    engines: {node: '>=0.10.0'}
    dependencies:
      safer-buffer: 2.1.2
    dev: true
    optional: true

  /image-size/0.5.5:
    resolution: {integrity: sha512-6TDAlDPZxUFCv+fuOkIoXT/V/f3Qbq8e37p+YOiYrUv3v9cc3/6x78VdfPgFVaB9dZYeLUfKgHRebpkm/oP2VQ==}
    engines: {node: '>=0.10.0'}
    hasBin: true
    requiresBuild: true
    dev: true
    optional: true

  /is-core-module/2.10.0:
    resolution: {integrity: sha512-Erxj2n/LDAZ7H8WNJXd9tw38GYM3dv8rk8Zcs+jJuxYTW7sozH+SS8NtrSjVL1/vpLvWi1hxy96IzjJ3EHTJJg==}
    dependencies:
      has: 1.0.3
    dev: true

  /is-what/3.14.1:
    resolution: {integrity: sha512-sNxgpk9793nzSs7bA6JQJGeIuRBQhAaNGG77kzYQgMkrID+lS6SlK07K5LaptscDlSaIgH+GPFzf+d75FVxozA==}
    dev: true

  /less/4.1.3:
    resolution: {integrity: sha512-w16Xk/Ta9Hhyei0Gpz9m7VS8F28nieJaL/VyShID7cYvP6IL5oHeL6p4TXSDJqZE/lNv0oJ2pGVjJsRkfwm5FA==}
    engines: {node: '>=6'}
    hasBin: true
    dependencies:
      copy-anything: 2.0.6
      parse-node-version: 1.0.1
      tslib: 2.4.0
    optionalDependencies:
      errno: 0.1.8
      graceful-fs: 4.2.10
      image-size: 0.5.5
      make-dir: 2.1.0
      mime: 1.6.0
      needle: 3.1.0
      source-map: 0.6.1
    transitivePeerDependencies:
      - supports-color
    dev: true

  /lodash-es/4.17.21:
    resolution: {integrity: sha512-mKnC+QJ9pWVzv+C4/U3rRsHapFfHvQFoFB92e52xeyGMcX6/OlIl78je1u8vePzYZSkkogMPJ2yjxxsb89cxyw==}
    dev: false

  /lodash-unified/1.0.2_3ib2ivapxullxkx3xftsimdk7u:
    resolution: {integrity: sha512-OGbEy+1P+UT26CYi4opY4gebD8cWRDxAT6MAObIVQMiqYdxZr1g3QHWCToVsm31x2NkLS4K3+MC2qInaRMa39g==}
    peerDependencies:
      '@types/lodash-es': '*'
      lodash: '*'
      lodash-es: '*'
    dependencies:
      '@types/lodash-es': 4.17.6
      lodash: 4.17.21
      lodash-es: 4.17.21
    dev: false

  /lodash/4.17.21:
    resolution: {integrity: sha512-v2kDEe57lecTulaDIuNTPy3Ry4gLGJ6Z1O3vE1krgXZNrsQ+LFTGHVxVjcXPs17LhbZVGedAJv8XZ1tvj5FvSg==}
    dev: false

  /magic-string/0.25.9:
    resolution: {integrity: sha512-RmF0AsMzgt25qzqqLc1+MbHmhdx0ojF2Fvs4XnOqz2ZOBXzzkEwc/dJQZCYHAn7v1jbVOjAZfK8msRn4BxO4VQ==}
    dependencies:
      sourcemap-codec: 1.4.8

  /make-dir/2.1.0:
    resolution: {integrity: sha512-LS9X+dc8KLxXCb8dni79fLIIUA5VyZoyjSMCwTluaXA0o27cCK0bhXkpgw+sTXVpPy/lSO57ilRixqk0vDmtRA==}
    engines: {node: '>=6'}
    requiresBuild: true
    dependencies:
      pify: 4.0.1
      semver: 5.7.1
    dev: true
    optional: true

  /memoize-one/6.0.0:
    resolution: {integrity: sha512-rkpe71W0N0c0Xz6QD0eJETuWAJGnJ9afsl1srmwPrI+yBCkge5EycXXbYRyvL29zZVUWQCY7InPRCv3GDXuZNw==}
    dev: false

  /mime-db/1.52.0:
    resolution: {integrity: sha512-sPU4uV7dYlvtWJxwwxHD0PuihVNiE7TyAbQ5SWxDCB9mUYvOgroQOwYQQOKPJ8CIbE+1ETVlOoK1UC2nU3gYvg==}
    engines: {node: '>= 0.6'}
    dev: false

  /mime-types/2.1.35:
    resolution: {integrity: sha512-ZDY+bPm5zTTF+YpCrAU9nK0UgICYPT0QtT1NZWFv4s++TNkcgVaT0g6+4R2uI4MjQjzysHB1zxuWL50hzaeXiw==}
    engines: {node: '>= 0.6'}
    dependencies:
      mime-db: 1.52.0
    dev: false

  /mime/1.6.0:
    resolution: {integrity: sha512-x0Vn8spI+wuJ1O6S7gnbaQg8Pxh4NNHb7KSINmEWKiPE4RKOplvijn+NkmYmmRgP68mc70j2EbeTFRsrswaQeg==}
    engines: {node: '>=4'}
    hasBin: true
    requiresBuild: true
    dev: true
    optional: true

  /ms/2.1.3:
    resolution: {integrity: sha512-6FlzubTLZG3J2a/NVCAleEhjzq5oxgHyaCU9yYXvcLsvoVaHJq/s5xXI6/XXP6tz7R9xAOtHnSO/tXtF3WRTlA==}
    dev: true
    optional: true

  /nanoid/3.3.4:
    resolution: {integrity: sha512-MqBkQh/OHTS2egovRtLk45wEyNXwF+cokD+1YPf9u5VfJiRdAiRwB2froX5Co9Rh20xs4siNPm8naNotSD6RBw==}
    engines: {node: ^10 || ^12 || ^13.7 || ^14 || >=15.0.1}
    hasBin: true

  /needle/3.1.0:
    resolution: {integrity: sha512-gCE9weDhjVGCRqS8dwDR/D3GTAeyXLXuqp7I8EzH6DllZGXSUyxuqqLh+YX9rMAWaaTFyVAg6rHGL25dqvczKw==}
    engines: {node: '>= 4.4.x'}
    hasBin: true
    requiresBuild: true
    dependencies:
      debug: 3.2.7
      iconv-lite: 0.6.3
      sax: 1.2.4
    transitivePeerDependencies:
      - supports-color
    dev: true
    optional: true

  /normalize-wheel-es/1.2.0:
    resolution: {integrity: sha512-Wj7+EJQ8mSuXr2iWfnujrimU35R2W4FAErEyTmJoJ7ucwTn2hOUSsRehMb5RSYkxXGTM7Y9QpvPmp++w5ftoJw==}
    dev: false

  /parse-node-version/1.0.1:
    resolution: {integrity: sha512-3YHlOa/JgH6Mnpr05jP9eDG254US9ek25LyIxZlDItp2iJtwyaXQb57lBYLdT3MowkUFYEV2XXNAYIPlESvJlA==}
    engines: {node: '>= 0.10'}
    dev: true

  /path-parse/1.0.7:
    resolution: {integrity: sha512-LDJzPVEEEPR+y48z93A0Ed0yXb8pAByGWo/k5YYdYgpY2/2EsOsksJrq7lOHxryrVOn1ejG6oAp8ahvOIQD8sw==}
    dev: true

  /picocolors/1.0.0:
    resolution: {integrity: sha512-1fygroTLlHu66zi26VoTDv8yRgm0Fccecssto+MhsZ0D/DGW2sm8E8AjW7NU5VVTRt5GxbeZ5qBuJr+HyLYkjQ==}

  /pify/4.0.1:
    resolution: {integrity: sha512-uB80kBFb/tfd68bVleG9T5GGsGPjJrLAUpR5PZIrhBnIaRTQRjqdJSsIKkOP6OAIFbj7GOrcudc5pNjZ+geV2g==}
    engines: {node: '>=6'}
    dev: true
    optional: true

  /postcss/8.4.16:
    resolution: {integrity: sha512-ipHE1XBvKzm5xI7hiHCZJCSugxvsdq2mPnsq5+UF+VHCjiBvtDrlxJfMBToWaP9D5XlgNmcFGqoHmUn0EYEaRQ==}
    engines: {node: ^10 || ^12 || >=14}
    dependencies:
      nanoid: 3.3.4
      picocolors: 1.0.0
      source-map-js: 1.0.2

  /prettier/2.7.1:
    resolution: {integrity: sha512-ujppO+MkdPqoVINuDFDRLClm7D78qbDt0/NR+wp5FqEZOoTNAjPHWj17QRhu7geIHJfcNhRk1XVQmF8Bp3ye+g==}
    engines: {node: '>=10.13.0'}
    hasBin: true
    dev: true

  /proxy-from-env/1.1.0:
    resolution: {integrity: sha512-D+zkORCbA9f1tdWRK0RaCR3GPv50cMxcrz4X8k5LTSUD1Dkw47mKJEZQNunItRTkWwgtaUSo1RVFRIG9ZXiFYg==}
    dev: false

  /prr/1.0.1:
    resolution: {integrity: sha512-yPw4Sng1gWghHQWj0B3ZggWUm4qVbPwPFcRG8KyxiU7J2OHFSoEHKS+EZ3fv5l1t9CyCiop6l/ZYeWbrgoQejw==}
    dev: true
    optional: true

  /resolve/1.22.1:
    resolution: {integrity: sha512-nBpuuYuY5jFsli/JIs1oldw6fOQCBioohqWZg/2hiaOybXOft4lonv85uDOKXdf8rhyK159cxU5cDcK/NKk8zw==}
    hasBin: true
    dependencies:
      is-core-module: 2.10.0
      path-parse: 1.0.7
      supports-preserve-symlinks-flag: 1.0.0
    dev: true

  /rollup/2.78.1:
    resolution: {integrity: sha512-VeeCgtGi4P+o9hIg+xz4qQpRl6R401LWEXBmxYKOV4zlF82lyhgh2hTZnheFUbANE8l2A41F458iwj2vEYaXJg==}
    engines: {node: '>=10.0.0'}
    hasBin: true
    optionalDependencies:
      fsevents: 2.3.2
    dev: true

  /safer-buffer/2.1.2:
    resolution: {integrity: sha512-YZo3K82SD7Riyi0E1EQPojLz7kpepnSQI9IyPbHHg1XXXevb5dJI7tpyN2ADxGcQbHG7vcyRHk0cbwqcQriUtg==}
    dev: true
    optional: true

  /sax/1.2.4:
    resolution: {integrity: sha512-NqVDv9TpANUjFm0N8uM5GxL36UgKi9/atZw+x7YFnQ8ckwFGKrl4xX4yWtrey3UJm5nP1kUbnYgLopqWNSRhWw==}
    dev: true
    optional: true

  /semver/5.7.1:
    resolution: {integrity: sha512-sauaDf/PZdVgrLTNYHRtpXa1iRiKcaebiKQ1BJdpQlWH2lCvexQdX55snPFyK7QzpudqbCI0qXFfOasHdyNDGQ==}
    hasBin: true
    dev: true
    optional: true

  /source-map-js/1.0.2:
    resolution: {integrity: sha512-R0XvVJ9WusLiqTCEiGCmICCMplcCkIwwR11mOSD9CR5u+IXYdiseeEuXCVAjS54zqwkLcPNnmU4OeJ6tUrWhDw==}
    engines: {node: '>=0.10.0'}

  /source-map/0.6.1:
    resolution: {integrity: sha512-UjgapumWlbMhkBgzT7Ykc5YXUT46F0iKu8SGXq0bcwP5dz/h0Plj6enJqjz1Zbq2l5WaqYnrVbwWOWMyF3F47g==}
    engines: {node: '>=0.10.0'}

  /sourcemap-codec/1.4.8:
    resolution: {integrity: sha512-9NykojV5Uih4lgo5So5dtw+f0JgJX30KCNI8gwhz2J9A15wD0Ml6tjHKwf6fTSa6fAdVBdZeNOs9eJ71qCk8vA==}

  /supports-preserve-symlinks-flag/1.0.0:
    resolution: {integrity: sha512-ot0WnXS9fgdkgIcePe6RHNk1WA8+muPa6cSjeR3V8K27q9BB1rTE3R1p7Hv0z1ZyAc8s6Vvv8DIyWf681MAt0w==}
    engines: {node: '>= 0.4'}
    dev: true

  /to-fast-properties/2.0.0:
    resolution: {integrity: sha512-/OaKK0xYrs3DmxRYqL/yDc+FxFUVYhDlXMhRmv3z915w2HF1tnN1omB354j8VUGO/hbRzyD6Y3sA7v7GS/ceog==}
    engines: {node: '>=4'}

  /tslib/2.4.0:
    resolution: {integrity: sha512-d6xOpEDfsi2CZVlPQzGeux8XMwLT9hssAsaPYExaQMuYskwb+x1x7J371tWlbBdWHroy99KnVB6qIkUbs5X3UQ==}
    dev: true

  /vite-plugin-top-level-await/1.1.1_vite@3.1.3:
    resolution: {integrity: sha512-il7YijMxjvQxx33I/mf5n+xUJscxcTqRSwPGck/jw92hUyGwjsJnIBYBcKRS+vhOtsJ5g+8xANoBEKx9G1NSEQ==}
    peerDependencies:
      vite: '>=2.8'
    dependencies:
      '@swc/core': 1.3.7
      vite: 3.1.3_less@4.1.3
    dev: true

  /vite/3.1.3_less@4.1.3:
    resolution: {integrity: sha512-/3XWiktaopByM5bd8dqvHxRt5EEgRikevnnrpND0gRfNkrMrPaGGexhtLCzv15RcCMtV2CLw+BPas8YFeSG0KA==}
    engines: {node: ^14.18.0 || >=16.0.0}
    hasBin: true
    peerDependencies:
      less: '*'
      sass: '*'
      stylus: '*'
      terser: ^5.4.0
    peerDependenciesMeta:
      less:
        optional: true
      sass:
        optional: true
      stylus:
        optional: true
      terser:
        optional: true
    dependencies:
      esbuild: 0.15.8
      less: 4.1.3
      postcss: 8.4.16
      resolve: 1.22.1
      rollup: 2.78.1
    optionalDependencies:
      fsevents: 2.3.2
    dev: true

  /vue-demi/0.13.11_vue@3.2.39:
    resolution: {integrity: sha512-IR8HoEEGM65YY3ZJYAjMlKygDQn25D5ajNFNoKh9RSDMQtlzCxtfQjdQgv9jjK+m3377SsJXY8ysq8kLCZL25A==}
    engines: {node: '>=12'}
    hasBin: true
    requiresBuild: true
    peerDependencies:
      '@vue/composition-api': ^1.0.0-rc.1
      vue: ^3.0.0-0 || ^2.6.0
    peerDependenciesMeta:
      '@vue/composition-api':
        optional: true
    dependencies:
      vue: 3.2.39
    dev: false

  /vue/3.2.39:
    resolution: {integrity: sha512-tRkguhRTw9NmIPXhzk21YFBqXHT2t+6C6wPOgQ50fcFVWnPdetmRqbmySRHznrYjX2E47u0cGlKGcxKZJ38R/g==}
    dependencies:
      '@vue/compiler-dom': 3.2.39
      '@vue/compiler-sfc': 3.2.39
      '@vue/runtime-dom': 3.2.39
      '@vue/server-renderer': 3.2.39_vue@3.2.39
      '@vue/shared': 3.2.39
